
Microsoft Visual Studio Solution File, Format Version 12.00
# Visual Studio Version 16
VisualStudioVersion = 16.0.30717.126
MinimumVisualStudioVersion = 10.0.40219.1
Project("{8BC9CEB8-8B4A-11D0-8D11-00A0C91BC942}") = "Math", "Math\Math.vcxproj", "{C9E4F38B-3BB4-4C20-A054-46CA10AC9AE2}"
EndProject
Project("{8BC9CEB8-8B4A-11D0-8D11-00A0C91BC942}") = "MathTest", "MathTest\MathTest.vcxproj", "{20A36569-3981-4891-9FA4-0EE3F47EE3DC}"
EndProject
Global
	GlobalSection(SolutionConfigurationPlatforms) = preSolution
		Debug|x64 = Debug|x64
		Debug|x86 = Debug|x86
		Release|x64 = Release|x64
		Release|x86 = Release|x86
	EndGlobalSection
	GlobalSection(ProjectConfigurationPlatforms) = postSolution
		{C9E4F38B-3BB4-4C20-A054-46CA10AC9AE2}.Debug|x64.ActiveCfg = Debug|x64
		{C9E4F38B-3BB4-4C20-A054-46CA10AC9AE2}.Debug|x64.Build.0 = Debug|x64
		{C9E4F38B-3BB4-4C20-A054-46CA10AC9AE2}.Debug|x86.ActiveCfg = Debug|Win32
		{C9E4F38B-3BB4-4C20-A054-46CA10AC9AE2}.Debug|x86.Build.0 = Debug|Win32
		{C9E4F38B-3BB4-4C20-A054-46CA10AC9AE2}.Release|x64.ActiveCfg = Release|x64
		{C9E4F38B-3BB4-4C20-A054-46CA10AC9AE2}.Release|x64.Build.0 = Release|x64
		{C9E4F38B-3BB4-4C20-A054-46CA10AC9AE2}.Release|x86.ActiveCfg = Release|Win32
		{C9E4F38B-3BB4-4C20-A054-46CA10AC9AE2}.Release|x86.Build.0 = Release|Win32
		{20A36569-3981-4891-9FA4-0EE3F47EE3DC}.Debug|x64.ActiveCfg = Debug|x64
		{20A36569-3981-4891-9FA4-0EE3F47EE3DC}.Debug|x64.Build.0 = Debug|x64
		{20A36569-3981-4891-9FA4-0EE3F47EE3DC}.Debug|x86.ActiveCfg = Debug|Win32
		{20A36569-3981-4891-9FA4-0EE3F47EE3DC}.Debug|x86.Build.0 = Debug|Win32
		{20A36569-3981-4891-9FA4-0EE3F47EE3DC}.Release|x64.ActiveCfg = Release|x64
		{20A36569-3981-4891-9FA4-0EE3F47EE3DC}.Release|x64.Build.0 = Release|x64
		{20A36569-3981-4891-9FA4-0EE3F47EE3DC}.Release|x86.ActiveCfg = Release|Win32
		{20A36569-3981-4891-9FA4-0EE3F47EE3DC}.Release|x86.Build.0 = Release|Win32
	EndGlobalSection
	GlobalSection(SolutionProperties) = preSolution
		HideSolutionNode = FALSE
	EndGlobalSection
	GlobalSection(ExtensibilityGlobals) = postSolution
		SolutionGuid = {57EDFF84-160C-4E27-911D-5AB7F0A88EBA}
	EndGlobalSection
EndGlobal
